<?xml version="1.0" encoding="utf-8"?>
<Project ToolsVersion="4.0" xmlns="http://schemas.microsoft.com/developer/msbuild/2003">
  <ItemGroup>
    <Filter Include="Source Files">
      <UniqueIdentifier>{4FC737F1-C7A5-4376-A066-2A32D752A2FF}</UniqueIdentifier>
      <Extensions>cpp;c;cc;cxx;def;odl;idl;hpj;bat;asm;asmx</Extensions>
    </Filter>
    <Filter Include="Header Files">
      <UniqueIdentifier>{93995380-89BD-4b04-88EB-625FBE52EBFB}</UniqueIdentifier>
      <Extensions>h;hh;hpp;hxx;hm;inl;inc;xsd</Extensions>
    </Filter>
    <Filter Include="Resource Files">
      <UniqueIdentifier>{67DA6AB6-F800-4c08-8B7A-83BB121AAD01}</UniqueIdentifier>
      <Extensions>rc;ico;cur;bmp;dlg;rc2;rct;bin;rgs;gif;jpg;jpeg;jpe;resx;tiff;tif;png;wav;mfcribbon-ms</Extensions>
    </Filter>
  </ItemGroup>
  <ItemGroup>
    <Text Include="ReadMe.txt" />
  </ItemGroup>
  <ItemGroup>
    <ClInclude Include="EZ_MSI.h">
      <Filter>Header Files</Filter>
    </ClInclude>
    <ClInclude Include="EZ_MSIDlg.h">
      <Filter>Header Files</Filter>
    </ClInclude>
    <ClInclude Include="stdafx.h">
      <Filter>Header Files</Filter>
    </ClInclude>
    <ClInclude Include="targetver.h">
      <Filter>Header Files</Filter>
    </ClInclude>
    <ClInclude Include="Resource.h">
      <Filter>Header Files</Filter>
    </ClInclude>
  </ItemGroup>
  <ItemGroup>
    <ClCompile Include="EZ_MSI.cpp">
      <Filter>Source Files</Filter>
    </ClCompile>
    <ClCompile Include="EZ_MSIDlg.cpp">
      <Filter>Source Files</Filter>
    </ClCompile>
    <ClCompile Include="stdafx.cpp">
      <Filter>Source Files</Filter>
    </ClCompile>
  </ItemGroup>
  <ItemGroup>
    <ResourceCompile Include="EZ_MSI.rc">
      <Filter>Resource Files</Filter>
    </ResourceCompile>
  </ItemGroup>
  <ItemGroup>
    <None Include="res\EZ_MSI.rc2">
      <Filter>Resource Files</Filter>
    </None>
  </ItemGroup>
  <ItemGroup>
    <Image Include="res\EZ_MSI.ico">
      <Filter>Resource Files</Filter>
    </Image>
    <Image Include="res\icon1.ico">
      <Filter>Resource Files</Filter>
    </Image>
    <Image Include="res\icon2.ico">
      <Filter>Resource Files</Filter>
    </Image>
    <Image Include="res\ico00001.ico">
      <Filter>Resource Files</Filter>
    </Image>
    <Image Include="res\bitmap1.bmp">
      <Filter>Resource Files</Filter>
    </Image>
    <Image Include="res\ico00002.ico">
      <Filter>Resource Files</Filter>
    </Image>
    <Image Include="res\bitmap2.bmp">
      <Filter>Resource Files</Filter>
    </Image>
    <Image Include="res\ico00003.ico">
      <Filter>Resource Files</Filter>
    </Image>
    <Image Include="res\ico00004.ico">
      <Filter>Resource Files</Filter>
    </Image>
    <Image Include="res\bitmap3.bmp">
      <Filter>Resource Files</Filter>
    </Image>
    <Image Include="res\t1.ico">
      <Filter>Resource Files</Filter>
    </Image>
    <Image Include="res\t1.bmp">
      <Filter>Resource Files</Filter>
    </Image>
    <Image Include="res\icon_clo.ico">
      <Filter>Resource Files</Filter>
    </Image>
    <Image Include="res\icon_reg.ico">
      <Filter>Resource Files</Filter>
    </Image>
    <Image Include="res\ico00005.ico">
      <Filter>Resource Files</Filter>
    </Image>
    <Image Include="res\ico00006.ico">
      <Filter>Resource Files</Filter>
    </Image>
    <Image Include="res\icon_sho.ico">
      <Filter>Resource Files</Filter>
    </Image>
    <Image Include="res\ico11.ico">
      <Filter>Resource Files</Filter>
    </Image>
    <Image Include="res\ico12.ico">
      <Filter>Resource Files</Filter>
    </Image>
    <Image Include="res\ico13.ico">
      <Filter>Resource Files</Filter>
    </Image>
    <Image Include="res\ico14.ico">
      <Filter>Resource Files</Filter>
    </Image>
    <Image Include="res\ico15.ico">
      <Filter>Resource Files</Filter>
    </Image>
    <Image Include="res\ico16.ico">
      <Filter>Resource Files</Filter>
    </Image>
    <Image Include="res\ico17.ico">
      <Filter>Resource Files</Filter>
    </Image>
    <Image Include="res\ico18.ico">
      <Filter>Resource Files</Filter>
    </Image>
    <Image Include="res\ico31.ico">
      <Filter>Resource Files</Filter>
    </Image>
  </ItemGroup>
</Project>